
Microsoft Visual Studio Solution File, Format Version 12.00
# Visual Studio Version 16
VisualStudioVersion = 16.0.30114.105
MinimumVisualStudioVersion = 10.0.40219.1
Project("{FAE04EC0-301F-11D3-BF4B-00C04F79EFBC}") = "API", "API\API.csproj", "{FE678347-9660-4E95-B85E-577644954290}"
EndProject
Project("{FAE04EC0-301F-11D3-BF4B-00C04F79EFBC}") = "Application", "Application\Application.csproj", "{33C0781F-068F-43D8-96EE-67EE6FBD472C}"
EndProject
Project("{FAE04EC0-301F-11D3-BF4B-00C04F79EFBC}") = "Domain", "Domain\Domain.csproj", "{97CB8E30-5115-4882-B19F-417CAC355EF8}"
EndProject
Project("{FAE04EC0-301F-11D3-BF4B-00C04F79EFBC}") = "Persistence", "Persistence\Persistence.csproj", "{0BBC3753-3E04-4301-BA01-9347E8994B17}"
EndProject
Global
	GlobalSection(SolutionConfigurationPlatforms) = preSolution
		Debug|Any CPU = Debug|Any CPU
		Debug|x64 = Debug|x64
		Debug|x86 = Debug|x86
		Release|Any CPU = Release|Any CPU
		Release|x64 = Release|x64
		Release|x86 = Release|x86
	EndGlobalSection
	GlobalSection(SolutionProperties) = preSolution
		HideSolutionNode = FALSE
	EndGlobalSection
	GlobalSection(ProjectConfigurationPlatforms) = postSolution
		{FE678347-9660-4E95-B85E-577644954290}.Debug|Any CPU.ActiveCfg = Debug|Any CPU
		{FE678347-9660-4E95-B85E-577644954290}.Debug|Any CPU.Build.0 = Debug|Any CPU
		{FE678347-9660-4E95-B85E-577644954290}.Debug|x64.ActiveCfg = Debug|Any CPU
		{FE678347-9660-4E95-B85E-577644954290}.Debug|x64.Build.0 = Debug|Any CPU
		{FE678347-9660-4E95-B85E-577644954290}.Debug|x86.ActiveCfg = Debug|Any CPU
		{FE678347-9660-4E95-B85E-577644954290}.Debug|x86.Build.0 = Debug|Any CPU
		{FE678347-9660-4E95-B85E-577644954290}.Release|Any CPU.ActiveCfg = Release|Any CPU
		{FE678347-9660-4E95-B85E-577644954290}.Release|Any CPU.Build.0 = Release|Any CPU
		{FE678347-9660-4E95-B85E-577644954290}.Release|x64.ActiveCfg = Release|Any CPU
		{FE678347-9660-4E95-B85E-577644954290}.Release|x64.Build.0 = Release|Any CPU
		{FE678347-9660-4E95-B85E-577644954290}.Release|x86.ActiveCfg = Release|Any CPU
		{FE678347-9660-4E95-B85E-577644954290}.Release|x86.Build.0 = Release|Any CPU
		{33C0781F-068F-43D8-96EE-67EE6FBD472C}.Debug|Any CPU.ActiveCfg = Debug|Any CPU
		{33C0781F-068F-43D8-96EE-67EE6FBD472C}.Debug|Any CPU.Build.0 = Debug|Any CPU
		{33C0781F-068F-43D8-96EE-67EE6FBD472C}.Debug|x64.ActiveCfg = Debug|Any CPU
		{33C0781F-068F-43D8-96EE-67EE6FBD472C}.Debug|x64.Build.0 = Debug|Any CPU
		{33C0781F-068F-43D8-96EE-67EE6FBD472C}.Debug|x86.ActiveCfg = Debug|Any CPU
		{33C0781F-068F-43D8-96EE-67EE6FBD472C}.Debug|x86.Build.0 = Debug|Any CPU
		{33C0781F-068F-43D8-96EE-67EE6FBD472C}.Release|Any CPU.ActiveCfg = Release|Any CPU
		{33C0781F-068F-43D8-96EE-67EE6FBD472C}.Release|Any CPU.Build.0 = Release|Any CPU
		{33C0781F-068F-43D8-96EE-67EE6FBD472C}.Release|x64.ActiveCfg = Release|Any CPU
		{33C0781F-068F-43D8-96EE-67EE6FBD472C}.Release|x64.Build.0 = Release|Any CPU
		{33C0781F-068F-43D8-96EE-67EE6FBD472C}.Release|x86.ActiveCfg = Release|Any CPU
		{33C0781F-068F-43D8-96EE-67EE6FBD472C}.Release|x86.Build.0 = Release|Any CPU
		{97CB8E30-5115-4882-B19F-417CAC355EF8}.Debug|Any CPU.ActiveCfg = Debug|Any CPU
		{97CB8E30-5115-4882-B19F-417CAC355EF8}.Debug|Any CPU.Build.0 = Debug|Any CPU
		{97CB8E30-5115-4882-B19F-417CAC355EF8}.Debug|x64.ActiveCfg = Debug|Any CPU
		{97CB8E30-5115-4882-B19F-417CAC355EF8}.Debug|x64.Build.0 = Debug|Any CPU
		{97CB8E30-5115-4882-B19F-417CAC355EF8}.Debug|x86.ActiveCfg = Debug|Any CPU
		{97CB8E30-5115-4882-B19F-417CAC355EF8}.Debug|x86.Build.0 = Debug|Any CPU
		{97CB8E30-5115-4882-B19F-417CAC355EF8}.Release|Any CPU.ActiveCfg = Release|Any CPU
		{97CB8E30-5115-4882-B19F-417CAC355EF8}.Release|Any CPU.Build.0 = Release|Any CPU
		{97CB8E30-5115-4882-B19F-417CAC355EF8}.Release|x64.ActiveCfg = Release|Any CPU
		{97CB8E30-5115-4882-B19F-417CAC355EF8}.Release|x64.Build.0 = Release|Any CPU
		{97CB8E30-5115-4882-B19F-417CAC355EF8}.Release|x86.ActiveCfg = Release|Any CPU
		{97CB8E30-5115-4882-B19F-417CAC355EF8}.Release|x86.Build.0 = Release|Any CPU
		{0BBC3753-3E04-4301-BA01-9347E8994B17}.Debug|Any CPU.ActiveCfg = Debug|Any CPU
		{0BBC3753-3E04-4301-BA01-9347E8994B17}.Debug|Any CPU.Build.0 = Debug|Any CPU
		{0BBC3753-3E04-4301-BA01-9347E8994B17}.Debug|x64.ActiveCfg = Debug|Any CPU
		{0BBC3753-3E04-4301-BA01-9347E8994B17}.Debug|x64.Build.0 = Debug|Any CPU
		{0BBC3753-3E04-4301-BA01-9347E8994B17}.Debug|x86.ActiveCfg = Debug|Any CPU
		{0BBC3753-3E04-4301-BA01-9347E8994B17}.Debug|x86.Build.0 = Debug|Any CPU
		{0BBC3753-3E04-4301-BA01-9347E8994B17}.Release|Any CPU.ActiveCfg = Release|Any CPU
		{0BBC3753-3E04-4301-BA01-9347E8994B17}.Release|Any CPU.Build.0 = Release|Any CPU
		{0BBC3753-3E04-4301-BA01-9347E8994B17}.Release|x64.ActiveCfg = Release|Any CPU
		{0BBC3753-3E04-4301-BA01-9347E8994B17}.Release|x64.Build.0 = Release|Any CPU
		{0BBC3753-3E04-4301-BA01-9347E8994B17}.Release|x86.ActiveCfg = Release|Any CPU
		{0BBC3753-3E04-4301-BA01-9347E8994B17}.Release|x86.Build.0 = Release|Any CPU
	EndGlobalSection
EndGlobal
